
Microsoft Visual Studio Solution File, Format Version 12.00
# Visual Studio 15
VisualStudioVersion = 15.0.26730.12
MinimumVisualStudioVersion = 10.0.40219.1
Project("{FAE04EC0-301F-11D3-BF4B-00C04F79EFBC}") = "Mato.DatePicker.PCL", "Mato.DatePicker.PCL\Mato.DatePicker.PCL.csproj", "{9F66770C-6850-4A11-ABF4-A0A347D03B5D}"
EndProject
Project("{2150E333-8FDC-42A3-9474-1A3956D46DE8}") = "Sample", "Sample", "{AF050291-39DE-438E-93B9-CD5294B96083}"
EndProject
Project("{FAE04EC0-301F-11D3-BF4B-00C04F79EFBC}") = "Mato.Sample", "Mato.Sample\Mato.Sample\Mato.Sample.csproj", "{3260B212-7EDA-4A6F-BC02-133DE76E1686}"
EndProject
Project("{FAE04EC0-301F-11D3-BF4B-00C04F79EFBC}") = "Mato.Sample.Android", "Mato.Sample\Mato.Sample.Android\Mato.Sample.Android.csproj", "{5B777034-829D-46DB-B190-7233326571C6}"
EndProject
Project("{FAE04EC0-301F-11D3-BF4B-00C04F79EFBC}") = "Mato.Sample.iOS", "Mato.Sample\Mato.Sample.iOS\Mato.Sample.iOS.csproj", "{FEC4E9F8-8E2C-41D7-B03F-6941E1BAA661}"
EndProject
Project("{9A19103F-16F7-4668-BE54-9A1E7A4F7556}") = "Mato.DatePicker.Model", "Mato.DatePicker.Model\Mato.DatePicker.Model.csproj", "{3AB0A9D3-13F3-450E-B025-8A77E59EF1F1}"
EndProject
Project("{FAE04EC0-301F-11D3-BF4B-00C04F79EFBC}") = "Mato.DatePicker.iOS", "Mato.DatePicker.iOS\Mato.DatePicker.iOS.csproj", "{A63CDEE7-5A75-4D5E-92B0-12584E0E8FA1}"
EndProject
Project("{FAE04EC0-301F-11D3-BF4B-00C04F79EFBC}") = "Mato.DatePicker.Android", "Mato.DatePicker.Android\Mato.DatePicker.Android.csproj", "{F5A496F8-2DB0-4034-AEB0-C2E263C4B496}"
EndProject
Global
	GlobalSection(SolutionConfigurationPlatforms) = preSolution
		Ad-Hoc|Any CPU = Ad-Hoc|Any CPU
		Ad-Hoc|ARM = Ad-Hoc|ARM
		Ad-Hoc|iPhone = Ad-Hoc|iPhone
		Ad-Hoc|iPhoneSimulator = Ad-Hoc|iPhoneSimulator
		Ad-Hoc|x64 = Ad-Hoc|x64
		Ad-Hoc|x86 = Ad-Hoc|x86
		AppStore|Any CPU = AppStore|Any CPU
		AppStore|ARM = AppStore|ARM
		AppStore|iPhone = AppStore|iPhone
		AppStore|iPhoneSimulator = AppStore|iPhoneSimulator
		AppStore|x64 = AppStore|x64
		AppStore|x86 = AppStore|x86
		Debug|Any CPU = Debug|Any CPU
		Debug|ARM = Debug|ARM
		Debug|iPhone = Debug|iPhone
		Debug|iPhoneSimulator = Debug|iPhoneSimulator
		Debug|x64 = Debug|x64
		Debug|x86 = Debug|x86
		Release|Any CPU = Release|Any CPU
		Release|ARM = Release|ARM
		Release|iPhone = Release|iPhone
		Release|iPhoneSimulator = Release|iPhoneSimulator
		Release|x64 = Release|x64
		Release|x86 = Release|x86
	EndGlobalSection
	GlobalSection(ProjectConfigurationPlatforms) = postSolution
		{9F66770C-6850-4A11-ABF4-A0A347D03B5D}.Ad-Hoc|Any CPU.ActiveCfg = Release|Any CPU
		{9F66770C-6850-4A11-ABF4-A0A347D03B5D}.Ad-Hoc|Any CPU.Build.0 = Release|Any CPU
		{9F66770C-6850-4A11-ABF4-A0A347D03B5D}.Ad-Hoc|ARM.ActiveCfg = Release|Any CPU
		{9F66770C-6850-4A11-ABF4-A0A347D03B5D}.Ad-Hoc|ARM.Build.0 = Release|Any CPU
		{9F66770C-6850-4A11-ABF4-A0A347D03B5D}.Ad-Hoc|iPhone.ActiveCfg = Release|Any CPU
		{9F66770C-6850-4A11-ABF4-A0A347D03B5D}.Ad-Hoc|iPhone.Build.0 = Release|Any CPU
		{9F66770C-6850-4A11-ABF4-A0A347D03B5D}.Ad-Hoc|iPhoneSimulator.ActiveCfg = Release|Any CPU
		{9F66770C-6850-4A11-ABF4-A0A347D03B5D}.Ad-Hoc|iPhoneSimulator.Build.0 = Release|Any CPU
		{9F66770C-6850-4A11-ABF4-A0A347D03B5D}.Ad-Hoc|x64.ActiveCfg = Release|Any CPU
		{9F66770C-6850-4A11-ABF4-A0A347D03B5D}.Ad-Hoc|x64.Build.0 = Release|Any CPU
		{9F66770C-6850-4A11-ABF4-A0A347D03B5D}.Ad-Hoc|x86.ActiveCfg = Release|Any CPU
		{9F66770C-6850-4A11-ABF4-A0A347D03B5D}.Ad-Hoc|x86.Build.0 = Release|Any CPU
		{9F66770C-6850-4A11-ABF4-A0A347D03B5D}.AppStore|Any CPU.ActiveCfg = Release|Any CPU
		{9F66770C-6850-4A11-ABF4-A0A347D03B5D}.AppStore|Any CPU.Build.0 = Release|Any CPU
		{9F66770C-6850-4A11-ABF4-A0A347D03B5D}.AppStore|ARM.ActiveCfg = Release|Any CPU
		{9F66770C-6850-4A11-ABF4-A0A347D03B5D}.AppStore|ARM.Build.0 = Release|Any CPU
		{9F66770C-6850-4A11-ABF4-A0A347D03B5D}.AppStore|iPhone.ActiveCfg = Release|Any CPU
		{9F66770C-6850-4A11-ABF4-A0A347D03B5D}.AppStore|iPhone.Build.0 = Release|Any CPU
		{9F66770C-6850-4A11-ABF4-A0A347D03B5D}.AppStore|iPhoneSimulator.ActiveCfg = Release|Any CPU
		{9F66770C-6850-4A11-ABF4-A0A347D03B5D}.AppStore|iPhoneSimulator.Build.0 = Release|Any CPU
		{9F66770C-6850-4A11-ABF4-A0A347D03B5D}.AppStore|x64.ActiveCfg = Release|Any CPU
		{9F66770C-6850-4A11-ABF4-A0A347D03B5D}.AppStore|x64.Build.0 = Release|Any CPU
		{9F66770C-6850-4A11-ABF4-A0A347D03B5D}.AppStore|x86.ActiveCfg = Release|Any CPU
		{9F66770C-6850-4A11-ABF4-A0A347D03B5D}.AppStore|x86.Build.0 = Release|Any CPU
		{9F66770C-6850-4A11-ABF4-A0A347D03B5D}.Debug|Any CPU.ActiveCfg = Debug|Any CPU
		{9F66770C-6850-4A11-ABF4-A0A347D03B5D}.Debug|Any CPU.Build.0 = Debug|Any CPU
		{9F66770C-6850-4A11-ABF4-A0A347D03B5D}.Debug|ARM.ActiveCfg = Debug|Any CPU
		{9F66770C-6850-4A11-ABF4-A0A347D03B5D}.Debug|ARM.Build.0 = Debug|Any CPU
		{9F66770C-6850-4A11-ABF4-A0A347D03B5D}.Debug|iPhone.ActiveCfg = Debug|Any CPU
		{9F66770C-6850-4A11-ABF4-A0A347D03B5D}.Debug|iPhone.Build.0 = Debug|Any CPU
		{9F66770C-6850-4A11-ABF4-A0A347D03B5D}.Debug|iPhoneSimulator.ActiveCfg = Debug|Any CPU
		{9F66770C-6850-4A11-ABF4-A0A347D03B5D}.Debug|iPhoneSimulator.Build.0 = Debug|Any CPU
		{9F66770C-6850-4A11-ABF4-A0A347D03B5D}.Debug|x64.ActiveCfg = Debug|Any CPU
		{9F66770C-6850-4A11-ABF4-A0A347D03B5D}.Debug|x64.Build.0 = Debug|Any CPU
		{9F66770C-6850-4A11-ABF4-A0A347D03B5D}.Debug|x86.ActiveCfg = Debug|Any CPU
		{9F66770C-6850-4A11-ABF4-A0A347D03B5D}.Debug|x86.Build.0 = Debug|Any CPU
		{9F66770C-6850-4A11-ABF4-A0A347D03B5D}.Release|Any CPU.ActiveCfg = Release|Any CPU
		{9F66770C-6850-4A11-ABF4-A0A347D03B5D}.Release|Any CPU.Build.0 = Release|Any CPU
		{9F66770C-6850-4A11-ABF4-A0A347D03B5D}.Release|ARM.ActiveCfg = Release|Any CPU
		{9F66770C-6850-4A11-ABF4-A0A347D03B5D}.Release|ARM.Build.0 = Release|Any CPU
		{9F66770C-6850-4A11-ABF4-A0A347D03B5D}.Release|iPhone.ActiveCfg = Release|Any CPU
		{9F66770C-6850-4A11-ABF4-A0A347D03B5D}.Release|iPhone.Build.0 = Release|Any CPU
		{9F66770C-6850-4A11-ABF4-A0A347D03B5D}.Release|iPhoneSimulator.ActiveCfg = Release|Any CPU
		{9F66770C-6850-4A11-ABF4-A0A347D03B5D}.Release|iPhoneSimulator.Build.0 = Release|Any CPU
		{9F66770C-6850-4A11-ABF4-A0A347D03B5D}.Release|x64.ActiveCfg = Release|Any CPU
		{9F66770C-6850-4A11-ABF4-A0A347D03B5D}.Release|x64.Build.0 = Release|Any CPU
		{9F66770C-6850-4A11-ABF4-A0A347D03B5D}.Release|x86.ActiveCfg = Release|Any CPU
		{9F66770C-6850-4A11-ABF4-A0A347D03B5D}.Release|x86.Build.0 = Release|Any CPU
		{3260B212-7EDA-4A6F-BC02-133DE76E1686}.Ad-Hoc|Any CPU.ActiveCfg = Release|Any CPU
		{3260B212-7EDA-4A6F-BC02-133DE76E1686}.Ad-Hoc|Any CPU.Build.0 = Release|Any CPU
		{3260B212-7EDA-4A6F-BC02-133DE76E1686}.Ad-Hoc|ARM.ActiveCfg = Release|Any CPU
		{3260B212-7EDA-4A6F-BC02-133DE76E1686}.Ad-Hoc|ARM.Build.0 = Release|Any CPU
		{3260B212-7EDA-4A6F-BC02-133DE76E1686}.Ad-Hoc|iPhone.ActiveCfg = Release|Any CPU
		{3260B212-7EDA-4A6F-BC02-133DE76E1686}.Ad-Hoc|iPhone.Build.0 = Release|Any CPU
		{3260B212-7EDA-4A6F-BC02-133DE76E1686}.Ad-Hoc|iPhoneSimulator.ActiveCfg = Release|Any CPU
		{3260B212-7EDA-4A6F-BC02-133DE76E1686}.Ad-Hoc|iPhoneSimulator.Build.0 = Release|Any CPU
		{3260B212-7EDA-4A6F-BC02-133DE76E1686}.Ad-Hoc|x64.ActiveCfg = Release|Any CPU
		{3260B212-7EDA-4A6F-BC02-133DE76E1686}.Ad-Hoc|x64.Build.0 = Release|Any CPU
		{3260B212-7EDA-4A6F-BC02-133DE76E1686}.Ad-Hoc|x86.ActiveCfg = Release|Any CPU
		{3260B212-7EDA-4A6F-BC02-133DE76E1686}.Ad-Hoc|x86.Build.0 = Release|Any CPU
		{3260B212-7EDA-4A6F-BC02-133DE76E1686}.AppStore|Any CPU.ActiveCfg = Release|Any CPU
		{3260B212-7EDA-4A6F-BC02-133DE76E1686}.AppStore|Any CPU.Build.0 = Release|Any CPU
		{3260B212-7EDA-4A6F-BC02-133DE76E1686}.AppStore|ARM.ActiveCfg = Release|Any CPU
		{3260B212-7EDA-4A6F-BC02-133DE76E1686}.AppStore|ARM.Build.0 = Release|Any CPU
		{3260B212-7EDA-4A6F-BC02-133DE76E1686}.AppStore|iPhone.ActiveCfg = Release|Any CPU
		{3260B212-7EDA-4A6F-BC02-133DE76E1686}.AppStore|iPhone.Build.0 = Release|Any CPU
		{3260B212-7EDA-4A6F-BC02-133DE76E1686}.AppStore|iPhoneSimulator.ActiveCfg = Release|Any CPU
		{3260B212-7EDA-4A6F-BC02-133DE76E1686}.AppStore|iPhoneSimulator.Build.0 = Release|Any CPU
		{3260B212-7EDA-4A6F-BC02-133DE76E1686}.AppStore|x64.ActiveCfg = Release|Any CPU
		{3260B212-7EDA-4A6F-BC02-133DE76E1686}.AppStore|x64.Build.0 = Release|Any CPU
		{3260B212-7EDA-4A6F-BC02-133DE76E1686}.AppStore|x86.ActiveCfg = Release|Any CPU
		{3260B212-7EDA-4A6F-BC02-133DE76E1686}.AppStore|x86.Build.0 = Release|Any CPU
		{3260B212-7EDA-4A6F-BC02-133DE76E1686}.Debug|Any CPU.ActiveCfg = Debug|Any CPU
		{3260B212-7EDA-4A6F-BC02-133DE76E1686}.Debug|Any CPU.Build.0 = Debug|Any CPU
		{3260B212-7EDA-4A6F-BC02-133DE76E1686}.Debug|ARM.ActiveCfg = Debug|Any CPU
		{3260B212-7EDA-4A6F-BC02-133DE76E1686}.Debug|ARM.Build.0 = Debug|Any CPU
		{3260B212-7EDA-4A6F-BC02-133DE76E1686}.Debug|iPhone.ActiveCfg = Debug|Any CPU
		{3260B212-7EDA-4A6F-BC02-133DE76E1686}.Debug|iPhone.Build.0 = Debug|Any CPU
		{3260B212-7EDA-4A6F-BC02-133DE76E1686}.Debug|iPhoneSimulator.ActiveCfg = Debug|Any CPU
		{3260B212-7EDA-4A6F-BC02-133DE76E1686}.Debug|iPhoneSimulator.Build.0 = Debug|Any CPU
		{3260B212-7EDA-4A6F-BC02-133DE76E1686}.Debug|x64.ActiveCfg = Debug|Any CPU
		{3260B212-7EDA-4A6F-BC02-133DE76E1686}.Debug|x64.Build.0 = Debug|Any CPU
		{3260B212-7EDA-4A6F-BC02-133DE76E1686}.Debug|x86.ActiveCfg = Debug|Any CPU
		{3260B212-7EDA-4A6F-BC02-133DE76E1686}.Debug|x86.Build.0 = Debug|Any CPU
		{3260B212-7EDA-4A6F-BC02-133DE76E1686}.Release|Any CPU.ActiveCfg = Release|Any CPU
		{3260B212-7EDA-4A6F-BC02-133DE76E1686}.Release|Any CPU.Build.0 = Release|Any CPU
		{3260B212-7EDA-4A6F-BC02-133DE76E1686}.Release|ARM.ActiveCfg = Release|Any CPU
		{3260B212-7EDA-4A6F-BC02-133DE76E1686}.Release|ARM.Build.0 = Release|Any CPU
		{3260B212-7EDA-4A6F-BC02-133DE76E1686}.Release|iPhone.ActiveCfg = Release|Any CPU
		{3260B212-7EDA-4A6F-BC02-133DE76E1686}.Release|iPhone.Build.0 = Release|Any CPU
		{3260B212-7EDA-4A6F-BC02-133DE76E1686}.Release|iPhoneSimulator.ActiveCfg = Release|Any CPU
		{3260B212-7EDA-4A6F-BC02-133DE76E1686}.Release|iPhoneSimulator.Build.0 = Release|Any CPU
		{3260B212-7EDA-4A6F-BC02-133DE76E1686}.Release|x64.ActiveCfg = Release|Any CPU
		{3260B212-7EDA-4A6F-BC02-133DE76E1686}.Release|x64.Build.0 = Release|Any CPU
		{3260B212-7EDA-4A6F-BC02-133DE76E1686}.Release|x86.ActiveCfg = Release|Any CPU
		{3260B212-7EDA-4A6F-BC02-133DE76E1686}.Release|x86.Build.0 = Release|Any CPU
		{5B777034-829D-46DB-B190-7233326571C6}.Ad-Hoc|Any CPU.ActiveCfg = Release|Any CPU
		{5B777034-829D-46DB-B190-7233326571C6}.Ad-Hoc|Any CPU.Build.0 = Release|Any CPU
		{5B777034-829D-46DB-B190-7233326571C6}.Ad-Hoc|Any CPU.Deploy.0 = Release|Any CPU
		{5B777034-829D-46DB-B190-7233326571C6}.Ad-Hoc|ARM.ActiveCfg = Release|Any CPU
		{5B777034-829D-46DB-B190-7233326571C6}.Ad-Hoc|ARM.Build.0 = Release|Any CPU
		{5B777034-829D-46DB-B190-7233326571C6}.Ad-Hoc|ARM.Deploy.0 = Release|Any CPU
		{5B777034-829D-46DB-B190-7233326571C6}.Ad-Hoc|iPhone.ActiveCfg = Release|Any CPU
		{5B777034-829D-46DB-B190-7233326571C6}.Ad-Hoc|iPhone.Build.0 = Release|Any CPU
		{5B777034-829D-46DB-B190-7233326571C6}.Ad-Hoc|iPhone.Deploy.0 = Release|Any CPU
		{5B777034-829D-46DB-B190-7233326571C6}.Ad-Hoc|iPhoneSimulator.ActiveCfg = Release|Any CPU
		{5B777034-829D-46DB-B190-7233326571C6}.Ad-Hoc|iPhoneSimulator.Build.0 = Release|Any CPU
		{5B777034-829D-46DB-B190-7233326571C6}.Ad-Hoc|iPhoneSimulator.Deploy.0 = Release|Any CPU
		{5B777034-829D-46DB-B190-7233326571C6}.Ad-Hoc|x64.ActiveCfg = Release|Any CPU
		{5B777034-829D-46DB-B190-7233326571C6}.Ad-Hoc|x64.Build.0 = Release|Any CPU
		{5B777034-829D-46DB-B190-7233326571C6}.Ad-Hoc|x64.Deploy.0 = Release|Any CPU
		{5B777034-829D-46DB-B190-7233326571C6}.Ad-Hoc|x86.ActiveCfg = Release|Any CPU
		{5B777034-829D-46DB-B190-7233326571C6}.Ad-Hoc|x86.Build.0 = Release|Any CPU
		{5B777034-829D-46DB-B190-7233326571C6}.Ad-Hoc|x86.Deploy.0 = Release|Any CPU
		{5B777034-829D-46DB-B190-7233326571C6}.AppStore|Any CPU.ActiveCfg = Release|Any CPU
		{5B777034-829D-46DB-B190-7233326571C6}.AppStore|Any CPU.Build.0 = Release|Any CPU
		{5B777034-829D-46DB-B190-7233326571C6}.AppStore|Any CPU.Deploy.0 = Release|Any CPU
		{5B777034-829D-46DB-B190-7233326571C6}.AppStore|ARM.ActiveCfg = Release|Any CPU
		{5B777034-829D-46DB-B190-7233326571C6}.AppStore|ARM.Build.0 = Release|Any CPU
		{5B777034-829D-46DB-B190-7233326571C6}.AppStore|ARM.Deploy.0 = Release|Any CPU
		{5B777034-829D-46DB-B190-7233326571C6}.AppStore|iPhone.ActiveCfg = Release|Any CPU
		{5B777034-829D-46DB-B190-7233326571C6}.AppStore|iPhone.Build.0 = Release|Any CPU
		{5B777034-829D-46DB-B190-7233326571C6}.AppStore|iPhone.Deploy.0 = Release|Any CPU
		{5B777034-829D-46DB-B190-7233326571C6}.AppStore|iPhoneSimulator.ActiveCfg = Release|Any CPU
		{5B777034-829D-46DB-B190-7233326571C6}.AppStore|iPhoneSimulator.Build.0 = Release|Any CPU
		{5B777034-829D-46DB-B190-7233326571C6}.AppStore|iPhoneSimulator.Deploy.0 = Release|Any CPU
		{5B777034-829D-46DB-B190-7233326571C6}.AppStore|x64.ActiveCfg = Release|Any CPU
		{5B777034-829D-46DB-B190-7233326571C6}.AppStore|x64.Build.0 = Release|Any CPU
		{5B777034-829D-46DB-B190-7233326571C6}.AppStore|x64.Deploy.0 = Release|Any CPU
		{5B777034-829D-46DB-B190-7233326571C6}.AppStore|x86.ActiveCfg = Release|Any CPU
		{5B777034-829D-46DB-B190-7233326571C6}.AppStore|x86.Build.0 = Release|Any CPU
		{5B777034-829D-46DB-B190-7233326571C6}.AppStore|x86.Deploy.0 = Release|Any CPU
		{5B777034-829D-46DB-B190-7233326571C6}.Debug|Any CPU.ActiveCfg = Debug|Any CPU
		{5B777034-829D-46DB-B190-7233326571C6}.Debug|Any CPU.Build.0 = Debug|Any CPU
		{5B777034-829D-46DB-B190-7233326571C6}.Debug|Any CPU.Deploy.0 = Debug|Any CPU
		{5B777034-829D-46DB-B190-7233326571C6}.Debug|ARM.ActiveCfg = Debug|Any CPU
		{5B777034-829D-46DB-B190-7233326571C6}.Debug|ARM.Build.0 = Debug|Any CPU
		{5B777034-829D-46DB-B190-7233326571C6}.Debug|ARM.Deploy.0 = Debug|Any CPU
		{5B777034-829D-46DB-B190-7233326571C6}.Debug|iPhone.ActiveCfg = Debug|Any CPU
		{5B777034-829D-46DB-B190-7233326571C6}.Debug|iPhone.Build.0 = Debug|Any CPU
		{5B777034-829D-46DB-B190-7233326571C6}.Debug|iPhone.Deploy.0 = Debug|Any CPU
		{5B777034-829D-46DB-B190-7233326571C6}.Debug|iPhoneSimulator.ActiveCfg = Debug|Any CPU
		{5B777034-829D-46DB-B190-7233326571C6}.Debug|iPhoneSimulator.Build.0 = Debug|Any CPU
		{5B777034-829D-46DB-B190-7233326571C6}.Debug|iPhoneSimulator.Deploy.0 = Debug|Any CPU
		{5B777034-829D-46DB-B190-7233326571C6}.Debug|x64.ActiveCfg = Debug|Any CPU
		{5B777034-829D-46DB-B190-7233326571C6}.Debug|x64.Build.0 = Debug|Any CPU
		{5B777034-829D-46DB-B190-7233326571C6}.Debug|x64.Deploy.0 = Debug|Any CPU
		{5B777034-829D-46DB-B190-7233326571C6}.Debug|x86.ActiveCfg = Debug|Any CPU
		{5B777034-829D-46DB-B190-7233326571C6}.Debug|x86.Build.0 = Debug|Any CPU
		{5B777034-829D-46DB-B190-7233326571C6}.Debug|x86.Deploy.0 = Debug|Any CPU
		{5B777034-829D-46DB-B190-7233326571C6}.Release|Any CPU.ActiveCfg = Release|Any CPU
		{5B777034-829D-46DB-B190-7233326571C6}.Release|Any CPU.Build.0 = Release|Any CPU
		{5B777034-829D-46DB-B190-7233326571C6}.Release|Any CPU.Deploy.0 = Release|Any CPU
		{5B777034-829D-46DB-B190-7233326571C6}.Release|ARM.ActiveCfg = Release|Any CPU
		{5B777034-829D-46DB-B190-7233326571C6}.Release|ARM.Build.0 = Release|Any CPU
		{5B777034-829D-46DB-B190-7233326571C6}.Release|ARM.Deploy.0 = Release|Any CPU
		{5B777034-829D-46DB-B190-7233326571C6}.Release|iPhone.ActiveCfg = Release|Any CPU
		{5B777034-829D-46DB-B190-7233326571C6}.Release|iPhone.Build.0 = Release|Any CPU
		{5B777034-829D-46DB-B190-7233326571C6}.Release|iPhone.Deploy.0 = Release|Any CPU
		{5B777034-829D-46DB-B190-7233326571C6}.Release|iPhoneSimulator.ActiveCfg = Release|Any CPU
		{5B777034-829D-46DB-B190-7233326571C6}.Release|iPhoneSimulator.Build.0 = Release|Any CPU
		{5B777034-829D-46DB-B190-7233326571C6}.Release|iPhoneSimulator.Deploy.0 = Release|Any CPU
		{5B777034-829D-46DB-B190-7233326571C6}.Release|x64.ActiveCfg = Release|Any CPU
		{5B777034-829D-46DB-B190-7233326571C6}.Release|x64.Build.0 = Release|Any CPU
		{5B777034-829D-46DB-B190-7233326571C6}.Release|x64.Deploy.0 = Release|Any CPU
		{5B777034-829D-46DB-B190-7233326571C6}.Release|x86.ActiveCfg = Release|Any CPU
		{5B777034-829D-46DB-B190-7233326571C6}.Release|x86.Build.0 = Release|Any CPU
		{5B777034-829D-46DB-B190-7233326571C6}.Release|x86.Deploy.0 = Release|Any CPU
		{FEC4E9F8-8E2C-41D7-B03F-6941E1BAA661}.Ad-Hoc|Any CPU.ActiveCfg = Ad-Hoc|iPhone
		{FEC4E9F8-8E2C-41D7-B03F-6941E1BAA661}.Ad-Hoc|ARM.ActiveCfg = Ad-Hoc|iPhone
		{FEC4E9F8-8E2C-41D7-B03F-6941E1BAA661}.Ad-Hoc|iPhone.ActiveCfg = Ad-Hoc|iPhone
		{FEC4E9F8-8E2C-41D7-B03F-6941E1BAA661}.Ad-Hoc|iPhone.Build.0 = Ad-Hoc|iPhone
		{FEC4E9F8-8E2C-41D7-B03F-6941E1BAA661}.Ad-Hoc|iPhoneSimulator.ActiveCfg = Ad-Hoc|iPhoneSimulator
		{FEC4E9F8-8E2C-41D7-B03F-6941E1BAA661}.Ad-Hoc|iPhoneSimulator.Build.0 = Ad-Hoc|iPhoneSimulator
		{FEC4E9F8-8E2C-41D7-B03F-6941E1BAA661}.Ad-Hoc|x64.ActiveCfg = Ad-Hoc|iPhone
		{FEC4E9F8-8E2C-41D7-B03F-6941E1BAA661}.Ad-Hoc|x86.ActiveCfg = Ad-Hoc|iPhone
		{FEC4E9F8-8E2C-41D7-B03F-6941E1BAA661}.AppStore|Any CPU.ActiveCfg = AppStore|iPhone
		{FEC4E9F8-8E2C-41D7-B03F-6941E1BAA661}.AppStore|ARM.ActiveCfg = AppStore|iPhone
		{FEC4E9F8-8E2C-41D7-B03F-6941E1BAA661}.AppStore|iPhone.ActiveCfg = AppStore|iPhone
		{FEC4E9F8-8E2C-41D7-B03F-6941E1BAA661}.AppStore|iPhone.Build.0 = AppStore|iPhone
		{FEC4E9F8-8E2C-41D7-B03F-6941E1BAA661}.AppStore|iPhoneSimulator.ActiveCfg = AppStore|iPhoneSimulator
		{FEC4E9F8-8E2C-41D7-B03F-6941E1BAA661}.AppStore|iPhoneSimulator.Build.0 = AppStore|iPhoneSimulator
		{FEC4E9F8-8E2C-41D7-B03F-6941E1BAA661}.AppStore|x64.ActiveCfg = AppStore|iPhone
		{FEC4E9F8-8E2C-41D7-B03F-6941E1BAA661}.AppStore|x86.ActiveCfg = AppStore|iPhone
		{FEC4E9F8-8E2C-41D7-B03F-6941E1BAA661}.Debug|Any CPU.ActiveCfg = Debug|iPhone
		{FEC4E9F8-8E2C-41D7-B03F-6941E1BAA661}.Debug|ARM.ActiveCfg = Debug|iPhone
		{FEC4E9F8-8E2C-41D7-B03F-6941E1BAA661}.Debug|iPhone.ActiveCfg = Debug|iPhone
		{FEC4E9F8-8E2C-41D7-B03F-6941E1BAA661}.Debug|iPhone.Build.0 = Debug|iPhone
		{FEC4E9F8-8E2C-41D7-B03F-6941E1BAA661}.Debug|iPhoneSimulator.ActiveCfg = Debug|iPhoneSimulator
		{FEC4E9F8-8E2C-41D7-B03F-6941E1BAA661}.Debug|iPhoneSimulator.Build.0 = Debug|iPhoneSimulator
		{FEC4E9F8-8E2C-41D7-B03F-6941E1BAA661}.Debug|x64.ActiveCfg = Debug|iPhone
		{FEC4E9F8-8E2C-41D7-B03F-6941E1BAA661}.Debug|x86.ActiveCfg = Debug|iPhone
		{FEC4E9F8-8E2C-41D7-B03F-6941E1BAA661}.Release|Any CPU.ActiveCfg = Release|iPhone
		{FEC4E9F8-8E2C-41D7-B03F-6941E1BAA661}.Release|ARM.ActiveCfg = Release|iPhone
		{FEC4E9F8-8E2C-41D7-B03F-6941E1BAA661}.Release|iPhone.ActiveCfg = Release|iPhone
		{FEC4E9F8-8E2C-41D7-B03F-6941E1BAA661}.Release|iPhone.Build.0 = Release|iPhone
		{FEC4E9F8-8E2C-41D7-B03F-6941E1BAA661}.Release|iPhoneSimulator.ActiveCfg = Release|iPhoneSimulator
		{FEC4E9F8-8E2C-41D7-B03F-6941E1BAA661}.Release|iPhoneSimulator.Build.0 = Release|iPhoneSimulator
		{FEC4E9F8-8E2C-41D7-B03F-6941E1BAA661}.Release|x64.ActiveCfg = Release|iPhone
		{FEC4E9F8-8E2C-41D7-B03F-6941E1BAA661}.Release|x86.ActiveCfg = Release|iPhone
		{3AB0A9D3-13F3-450E-B025-8A77E59EF1F1}.Ad-Hoc|Any CPU.ActiveCfg = Debug|Any CPU
		{3AB0A9D3-13F3-450E-B025-8A77E59EF1F1}.Ad-Hoc|Any CPU.Build.0 = Debug|Any CPU
		{3AB0A9D3-13F3-450E-B025-8A77E59EF1F1}.Ad-Hoc|ARM.ActiveCfg = Debug|Any CPU
		{3AB0A9D3-13F3-450E-B025-8A77E59EF1F1}.Ad-Hoc|ARM.Build.0 = Debug|Any CPU
		{3AB0A9D3-13F3-450E-B025-8A77E59EF1F1}.Ad-Hoc|iPhone.ActiveCfg = Debug|Any CPU
		{3AB0A9D3-13F3-450E-B025-8A77E59EF1F1}.Ad-Hoc|iPhone.Build.0 = Debug|Any CPU
		{3AB0A9D3-13F3-450E-B025-8A77E59EF1F1}.Ad-Hoc|iPhoneSimulator.ActiveCfg = Debug|Any CPU
		{3AB0A9D3-13F3-450E-B025-8A77E59EF1F1}.Ad-Hoc|iPhoneSimulator.Build.0 = Debug|Any CPU
		{3AB0A9D3-13F3-450E-B025-8A77E59EF1F1}.Ad-Hoc|x64.ActiveCfg = Debug|Any CPU
		{3AB0A9D3-13F3-450E-B025-8A77E59EF1F1}.Ad-Hoc|x64.Build.0 = Debug|Any CPU
		{3AB0A9D3-13F3-450E-B025-8A77E59EF1F1}.Ad-Hoc|x86.ActiveCfg = Debug|Any CPU
		{3AB0A9D3-13F3-450E-B025-8A77E59EF1F1}.Ad-Hoc|x86.Build.0 = Debug|Any CPU
		{3AB0A9D3-13F3-450E-B025-8A77E59EF1F1}.AppStore|Any CPU.ActiveCfg = Debug|Any CPU
		{3AB0A9D3-13F3-450E-B025-8A77E59EF1F1}.AppStore|Any CPU.Build.0 = Debug|Any CPU
		{3AB0A9D3-13F3-450E-B025-8A77E59EF1F1}.AppStore|ARM.ActiveCfg = Debug|Any CPU
		{3AB0A9D3-13F3-450E-B025-8A77E59EF1F1}.AppStore|ARM.Build.0 = Debug|Any CPU
		{3AB0A9D3-13F3-450E-B025-8A77E59EF1F1}.AppStore|iPhone.ActiveCfg = Debug|Any CPU
		{3AB0A9D3-13F3-450E-B025-8A77E59EF1F1}.AppStore|iPhone.Build.0 = Debug|Any CPU
		{3AB0A9D3-13F3-450E-B025-8A77E59EF1F1}.AppStore|iPhoneSimulator.ActiveCfg = Debug|Any CPU
		{3AB0A9D3-13F3-450E-B025-8A77E59EF1F1}.AppStore|iPhoneSimulator.Build.0 = Debug|Any CPU
		{3AB0A9D3-13F3-450E-B025-8A77E59EF1F1}.AppStore|x64.ActiveCfg = Debug|Any CPU
		{3AB0A9D3-13F3-450E-B025-8A77E59EF1F1}.AppStore|x64.Build.0 = Debug|Any CPU
		{3AB0A9D3-13F3-450E-B025-8A77E59EF1F1}.AppStore|x86.ActiveCfg = Debug|Any CPU
		{3AB0A9D3-13F3-450E-B025-8A77E59EF1F1}.AppStore|x86.Build.0 = Debug|Any CPU
		{3AB0A9D3-13F3-450E-B025-8A77E59EF1F1}.Debug|Any CPU.ActiveCfg = Debug|Any CPU
		{3AB0A9D3-13F3-450E-B025-8A77E59EF1F1}.Debug|Any CPU.Build.0 = Debug|Any CPU
		{3AB0A9D3-13F3-450E-B025-8A77E59EF1F1}.Debug|ARM.ActiveCfg = Debug|Any CPU
		{3AB0A9D3-13F3-450E-B025-8A77E59EF1F1}.Debug|ARM.Build.0 = Debug|Any CPU
		{3AB0A9D3-13F3-450E-B025-8A77E59EF1F1}.Debug|iPhone.ActiveCfg = Debug|Any CPU
		{3AB0A9D3-13F3-450E-B025-8A77E59EF1F1}.Debug|iPhone.Build.0 = Debug|Any CPU
		{3AB0A9D3-13F3-450E-B025-8A77E59EF1F1}.Debug|iPhoneSimulator.ActiveCfg = Debug|Any CPU
		{3AB0A9D3-13F3-450E-B025-8A77E59EF1F1}.Debug|iPhoneSimulator.Build.0 = Debug|Any CPU
		{3AB0A9D3-13F3-450E-B025-8A77E59EF1F1}.Debug|x64.ActiveCfg = Debug|Any CPU
		{3AB0A9D3-13F3-450E-B025-8A77E59EF1F1}.Debug|x64.Build.0 = Debug|Any CPU
		{3AB0A9D3-13F3-450E-B025-8A77E59EF1F1}.Debug|x86.ActiveCfg = Debug|Any CPU
		{3AB0A9D3-13F3-450E-B025-8A77E59EF1F1}.Debug|x86.Build.0 = Debug|Any CPU
		{3AB0A9D3-13F3-450E-B025-8A77E59EF1F1}.Release|Any CPU.ActiveCfg = Release|Any CPU
		{3AB0A9D3-13F3-450E-B025-8A77E59EF1F1}.Release|Any CPU.Build.0 = Release|Any CPU
		{3AB0A9D3-13F3-450E-B025-8A77E59EF1F1}.Release|ARM.ActiveCfg = Release|Any CPU
		{3AB0A9D3-13F3-450E-B025-8A77E59EF1F1}.Release|ARM.Build.0 = Release|Any CPU
		{3AB0A9D3-13F3-450E-B025-8A77E59EF1F1}.Release|iPhone.ActiveCfg = Release|Any CPU
		{3AB0A9D3-13F3-450E-B025-8A77E59EF1F1}.Release|iPhone.Build.0 = Release|Any CPU
		{3AB0A9D3-13F3-450E-B025-8A77E59EF1F1}.Release|iPhoneSimulator.ActiveCfg = Release|Any CPU
		{3AB0A9D3-13F3-450E-B025-8A77E59EF1F1}.Release|iPhoneSimulator.Build.0 = Release|Any CPU
		{3AB0A9D3-13F3-450E-B025-8A77E59EF1F1}.Release|x64.ActiveCfg = Release|Any CPU
		{3AB0A9D3-13F3-450E-B025-8A77E59EF1F1}.Release|x64.Build.0 = Release|Any CPU
		{3AB0A9D3-13F3-450E-B025-8A77E59EF1F1}.Release|x86.ActiveCfg = Release|Any CPU
		{3AB0A9D3-13F3-450E-B025-8A77E59EF1F1}.Release|x86.Build.0 = Release|Any CPU
		{A63CDEE7-5A75-4D5E-92B0-12584E0E8FA1}.Ad-Hoc|Any CPU.ActiveCfg = Release|iPhone
		{A63CDEE7-5A75-4D5E-92B0-12584E0E8FA1}.Ad-Hoc|Any CPU.Build.0 = Release|iPhone
		{A63CDEE7-5A75-4D5E-92B0-12584E0E8FA1}.Ad-Hoc|ARM.ActiveCfg = Release|iPhone
		{A63CDEE7-5A75-4D5E-92B0-12584E0E8FA1}.Ad-Hoc|ARM.Build.0 = Release|iPhone
		{A63CDEE7-5A75-4D5E-92B0-12584E0E8FA1}.Ad-Hoc|iPhone.ActiveCfg = Release|iPhone
		{A63CDEE7-5A75-4D5E-92B0-12584E0E8FA1}.Ad-Hoc|iPhone.Build.0 = Release|iPhone
		{A63CDEE7-5A75-4D5E-92B0-12584E0E8FA1}.Ad-Hoc|iPhoneSimulator.ActiveCfg = Release|iPhoneSimulator
		{A63CDEE7-5A75-4D5E-92B0-12584E0E8FA1}.Ad-Hoc|iPhoneSimulator.Build.0 = Release|iPhoneSimulator
		{A63CDEE7-5A75-4D5E-92B0-12584E0E8FA1}.Ad-Hoc|x64.ActiveCfg = Release|iPhone
		{A63CDEE7-5A75-4D5E-92B0-12584E0E8FA1}.Ad-Hoc|x64.Build.0 = Release|iPhone
		{A63CDEE7-5A75-4D5E-92B0-12584E0E8FA1}.Ad-Hoc|x86.ActiveCfg = Release|iPhone
		{A63CDEE7-5A75-4D5E-92B0-12584E0E8FA1}.Ad-Hoc|x86.Build.0 = Release|iPhone
		{A63CDEE7-5A75-4D5E-92B0-12584E0E8FA1}.AppStore|Any CPU.ActiveCfg = Release|iPhone
		{A63CDEE7-5A75-4D5E-92B0-12584E0E8FA1}.AppStore|Any CPU.Build.0 = Release|iPhone
		{A63CDEE7-5A75-4D5E-92B0-12584E0E8FA1}.AppStore|ARM.ActiveCfg = Release|iPhone
		{A63CDEE7-5A75-4D5E-92B0-12584E0E8FA1}.AppStore|ARM.Build.0 = Release|iPhone
		{A63CDEE7-5A75-4D5E-92B0-12584E0E8FA1}.AppStore|iPhone.ActiveCfg = Release|iPhone
		{A63CDEE7-5A75-4D5E-92B0-12584E0E8FA1}.AppStore|iPhone.Build.0 = Release|iPhone
		{A63CDEE7-5A75-4D5E-92B0-12584E0E8FA1}.AppStore|iPhoneSimulator.ActiveCfg = Release|iPhoneSimulator
		{A63CDEE7-5A75-4D5E-92B0-12584E0E8FA1}.AppStore|iPhoneSimulator.Build.0 = Release|iPhoneSimulator
		{A63CDEE7-5A75-4D5E-92B0-12584E0E8FA1}.AppStore|x64.ActiveCfg = Release|iPhone
		{A63CDEE7-5A75-4D5E-92B0-12584E0E8FA1}.AppStore|x64.Build.0 = Release|iPhone
		{A63CDEE7-5A75-4D5E-92B0-12584E0E8FA1}.AppStore|x86.ActiveCfg = Release|iPhone
		{A63CDEE7-5A75-4D5E-92B0-12584E0E8FA1}.AppStore|x86.Build.0 = Release|iPhone
		{A63CDEE7-5A75-4D5E-92B0-12584E0E8FA1}.Debug|Any CPU.ActiveCfg = Debug|iPhone
		{A63CDEE7-5A75-4D5E-92B0-12584E0E8FA1}.Debug|ARM.ActiveCfg = Debug|iPhone
		{A63CDEE7-5A75-4D5E-92B0-12584E0E8FA1}.Debug|iPhone.ActiveCfg = Debug|iPhone
		{A63CDEE7-5A75-4D5E-92B0-12584E0E8FA1}.Debug|iPhone.Build.0 = Debug|iPhone
		{A63CDEE7-5A75-4D5E-92B0-12584E0E8FA1}.Debug|iPhoneSimulator.ActiveCfg = Debug|iPhoneSimulator
		{A63CDEE7-5A75-4D5E-92B0-12584E0E8FA1}.Debug|iPhoneSimulator.Build.0 = Debug|iPhoneSimulator
		{A63CDEE7-5A75-4D5E-92B0-12584E0E8FA1}.Debug|x64.ActiveCfg = Debug|iPhone
		{A63CDEE7-5A75-4D5E-92B0-12584E0E8FA1}.Debug|x86.ActiveCfg = Debug|iPhone
		{A63CDEE7-5A75-4D5E-92B0-12584E0E8FA1}.Release|Any CPU.ActiveCfg = Release|iPhone
		{A63CDEE7-5A75-4D5E-92B0-12584E0E8FA1}.Release|ARM.ActiveCfg = Release|iPhone
		{A63CDEE7-5A75-4D5E-92B0-12584E0E8FA1}.Release|iPhone.ActiveCfg = Release|iPhone
		{A63CDEE7-5A75-4D5E-92B0-12584E0E8FA1}.Release|iPhone.Build.0 = Release|iPhone
		{A63CDEE7-5A75-4D5E-92B0-12584E0E8FA1}.Release|iPhoneSimulator.ActiveCfg = Release|iPhoneSimulator
		{A63CDEE7-5A75-4D5E-92B0-12584E0E8FA1}.Release|iPhoneSimulator.Build.0 = Release|iPhoneSimulator
		{A63CDEE7-5A75-4D5E-92B0-12584E0E8FA1}.Release|x64.ActiveCfg = Release|iPhone
		{A63CDEE7-5A75-4D5E-92B0-12584E0E8FA1}.Release|x86.ActiveCfg = Release|iPhone
		{F5A496F8-2DB0-4034-AEB0-C2E263C4B496}.Ad-Hoc|Any CPU.ActiveCfg = Release|Any CPU
		{F5A496F8-2DB0-4034-AEB0-C2E263C4B496}.Ad-Hoc|Any CPU.Build.0 = Release|Any CPU
		{F5A496F8-2DB0-4034-AEB0-C2E263C4B496}.Ad-Hoc|ARM.ActiveCfg = Release|Any CPU
		{F5A496F8-2DB0-4034-AEB0-C2E263C4B496}.Ad-Hoc|ARM.Build.0 = Release|Any CPU
		{F5A496F8-2DB0-4034-AEB0-C2E263C4B496}.Ad-Hoc|iPhone.ActiveCfg = Release|Any CPU
		{F5A496F8-2DB0-4034-AEB0-C2E263C4B496}.Ad-Hoc|iPhone.Build.0 = Release|Any CPU
		{F5A496F8-2DB0-4034-AEB0-C2E263C4B496}.Ad-Hoc|iPhoneSimulator.ActiveCfg = Release|Any CPU
		{F5A496F8-2DB0-4034-AEB0-C2E263C4B496}.Ad-Hoc|iPhoneSimulator.Build.0 = Release|Any CPU
		{F5A496F8-2DB0-4034-AEB0-C2E263C4B496}.Ad-Hoc|x64.ActiveCfg = Release|Any CPU
		{F5A496F8-2DB0-4034-AEB0-C2E263C4B496}.Ad-Hoc|x64.Build.0 = Release|Any CPU
		{F5A496F8-2DB0-4034-AEB0-C2E263C4B496}.Ad-Hoc|x86.ActiveCfg = Release|Any CPU
		{F5A496F8-2DB0-4034-AEB0-C2E263C4B496}.Ad-Hoc|x86.Build.0 = Release|Any CPU
		{F5A496F8-2DB0-4034-AEB0-C2E263C4B496}.AppStore|Any CPU.ActiveCfg = Release|Any CPU
		{F5A496F8-2DB0-4034-AEB0-C2E263C4B496}.AppStore|Any CPU.Build.0 = Release|Any CPU
		{F5A496F8-2DB0-4034-AEB0-C2E263C4B496}.AppStore|ARM.ActiveCfg = Release|Any CPU
		{F5A496F8-2DB0-4034-AEB0-C2E263C4B496}.AppStore|ARM.Build.0 = Release|Any CPU
		{F5A496F8-2DB0-4034-AEB0-C2E263C4B496}.AppStore|iPhone.ActiveCfg = Release|Any CPU
		{F5A496F8-2DB0-4034-AEB0-C2E263C4B496}.AppStore|iPhone.Build.0 = Release|Any CPU
		{F5A496F8-2DB0-4034-AEB0-C2E263C4B496}.AppStore|iPhoneSimulator.ActiveCfg = Release|Any CPU
		{F5A496F8-2DB0-4034-AEB0-C2E263C4B496}.AppStore|iPhoneSimulator.Build.0 = Release|Any CPU
		{F5A496F8-2DB0-4034-AEB0-C2E263C4B496}.AppStore|x64.ActiveCfg = Release|Any CPU
		{F5A496F8-2DB0-4034-AEB0-C2E263C4B496}.AppStore|x64.Build.0 = Release|Any CPU
		{F5A496F8-2DB0-4034-AEB0-C2E263C4B496}.AppStore|x86.ActiveCfg = Release|Any CPU
		{F5A496F8-2DB0-4034-AEB0-C2E263C4B496}.AppStore|x86.Build.0 = Release|Any CPU
		{F5A496F8-2DB0-4034-AEB0-C2E263C4B496}.Debug|Any CPU.ActiveCfg = Debug|Any CPU
		{F5A496F8-2DB0-4034-AEB0-C2E263C4B496}.Debug|Any CPU.Build.0 = Debug|Any CPU
		{F5A496F8-2DB0-4034-AEB0-C2E263C4B496}.Debug|ARM.ActiveCfg = Debug|Any CPU
		{F5A496F8-2DB0-4034-AEB0-C2E263C4B496}.Debug|ARM.Build.0 = Debug|Any CPU
		{F5A496F8-2DB0-4034-AEB0-C2E263C4B496}.Debug|iPhone.ActiveCfg = Debug|Any CPU
		{F5A496F8-2DB0-4034-AEB0-C2E263C4B496}.Debug|iPhone.Build.0 = Debug|Any CPU
		{F5A496F8-2DB0-4034-AEB0-C2E263C4B496}.Debug|iPhoneSimulator.ActiveCfg = Debug|Any CPU
		{F5A496F8-2DB0-4034-AEB0-C2E263C4B496}.Debug|iPhoneSimulator.Build.0 = Debug|Any CPU
		{F5A496F8-2DB0-4034-AEB0-C2E263C4B496}.Debug|x64.ActiveCfg = Debug|Any CPU
		{F5A496F8-2DB0-4034-AEB0-C2E263C4B496}.Debug|x64.Build.0 = Debug|Any CPU
		{F5A496F8-2DB0-4034-AEB0-C2E263C4B496}.Debug|x86.ActiveCfg = Debug|Any CPU
		{F5A496F8-2DB0-4034-AEB0-C2E263C4B496}.Debug|x86.Build.0 = Debug|Any CPU
		{F5A496F8-2DB0-4034-AEB0-C2E263C4B496}.Release|Any CPU.ActiveCfg = Release|Any CPU
		{F5A496F8-2DB0-4034-AEB0-C2E263C4B496}.Release|Any CPU.Build.0 = Release|Any CPU
		{F5A496F8-2DB0-4034-AEB0-C2E263C4B496}.Release|ARM.ActiveCfg = Release|Any CPU
		{F5A496F8-2DB0-4034-AEB0-C2E263C4B496}.Release|ARM.Build.0 = Release|Any CPU
		{F5A496F8-2DB0-4034-AEB0-C2E263C4B496}.Release|iPhone.ActiveCfg = Release|Any CPU
		{F5A496F8-2DB0-4034-AEB0-C2E263C4B496}.Release|iPhone.Build.0 = Release|Any CPU
		{F5A496F8-2DB0-4034-AEB0-C2E263C4B496}.Release|iPhoneSimulator.ActiveCfg = Release|Any CPU
		{F5A496F8-2DB0-4034-AEB0-C2E263C4B496}.Release|iPhoneSimulator.Build.0 = Release|Any CPU
		{F5A496F8-2DB0-4034-AEB0-C2E263C4B496}.Release|x64.ActiveCfg = Release|Any CPU
		{F5A496F8-2DB0-4034-AEB0-C2E263C4B496}.Release|x64.Build.0 = Release|Any CPU
		{F5A496F8-2DB0-4034-AEB0-C2E263C4B496}.Release|x86.ActiveCfg = Release|Any CPU
		{F5A496F8-2DB0-4034-AEB0-C2E263C4B496}.Release|x86.Build.0 = Release|Any CPU
	EndGlobalSection
	GlobalSection(SolutionProperties) = preSolution
		HideSolutionNode = FALSE
	EndGlobalSection
	GlobalSection(NestedProjects) = preSolution
		{3260B212-7EDA-4A6F-BC02-133DE76E1686} = {AF050291-39DE-438E-93B9-CD5294B96083}
		{5B777034-829D-46DB-B190-7233326571C6} = {AF050291-39DE-438E-93B9-CD5294B96083}
		{FEC4E9F8-8E2C-41D7-B03F-6941E1BAA661} = {AF050291-39DE-438E-93B9-CD5294B96083}
	EndGlobalSection
	GlobalSection(ExtensibilityGlobals) = postSolution
		SolutionGuid = {DBB3B822-5E1E-4A04-88CB-4C92333CD34E}
	EndGlobalSection
EndGlobal
